
Microsoft Visual Studio Solution File, Format Version 12.00
# Visual Studio Version 17
VisualStudioVersion = 17.12.35309.182
MinimumVisualStudioVersion = 10.0.40219.1
Project("{FAE04EC0-301F-11D3-BF4B-00C04F79EFBC}") = "OpenWeatherMapCLI", "OpenWeatherMapCLI\OpenWeatherMapCLI.csproj", "{F38B1260-6BFA-4339-81A0-0DD67BD9F8BC}"
EndProject
Project("{FAE04EC0-301F-11D3-BF4B-00C04F79EFBC}") = "OpenWeatherMapCLITest", "OpenWeatherMapCLITest\OpenWeatherMapCLITest.csproj", "{6915BFB0-DBA6-4103-9047-1EA30290B45E}"
EndProject
Global
	GlobalSection(SolutionConfigurationPlatforms) = preSolution
		Debug|Any CPU = Debug|Any CPU
		Release|Any CPU = Release|Any CPU
	EndGlobalSection
	GlobalSection(ProjectConfigurationPlatforms) = postSolution
		{F38B1260-6BFA-4339-81A0-0DD67BD9F8BC}.Debug|Any CPU.ActiveCfg = Debug|Any CPU
		{F38B1260-6BFA-4339-81A0-0DD67BD9F8BC}.Debug|Any CPU.Build.0 = Debug|Any CPU
		{F38B1260-6BFA-4339-81A0-0DD67BD9F8BC}.Release|Any CPU.ActiveCfg = Release|Any CPU
		{F38B1260-6BFA-4339-81A0-0DD67BD9F8BC}.Release|Any CPU.Build.0 = Release|Any CPU
		{6915BFB0-DBA6-4103-9047-1EA30290B45E}.Debug|Any CPU.ActiveCfg = Debug|Any CPU
		{6915BFB0-DBA6-4103-9047-1EA30290B45E}.Debug|Any CPU.Build.0 = Debug|Any CPU
		{6915BFB0-DBA6-4103-9047-1EA30290B45E}.Release|Any CPU.ActiveCfg = Release|Any CPU
		{6915BFB0-DBA6-4103-9047-1EA30290B45E}.Release|Any CPU.Build.0 = Release|Any CPU
	EndGlobalSection
	GlobalSection(SolutionProperties) = preSolution
		HideSolutionNode = FALSE
	EndGlobalSection
	GlobalSection(ExtensibilityGlobals) = postSolution
		SolutionGuid = {9D93D9BC-357B-405C-9EC3-8C24C85E546A}
	EndGlobalSection
EndGlobal
